
Microsoft Visual Studio Solution File, Format Version 12.00
# Visual Studio 15
VisualStudioVersion = 15.0.27703.2035
MinimumVisualStudioVersion = 10.0.40219.1
Project("{2150E333-8FDC-42A3-9474-1A3956D46DE8}") = ".paket", ".paket", "{D73EDDEF-7F8A-44F2-B7CC-C19E03099270}"
	ProjectSection(SolutionItems) = preProject
		..\paket.dependencies = ..\paket.dependencies
	EndProjectSection
EndProject
Project("{F2A71F9B-5D33-465A-A702-920D77279786}") = "ASeward.MiscTools", "src/ASeward.MiscTools/ASeward.MiscTools.fsproj", "{25DE466F-F68C-455A-9723-6B98CA35CD1E}"
EndProject
Global
	GlobalSection(SolutionConfigurationPlatforms) = preSolution
		Debug|Any CPU = Debug|Any CPU
		Release|Any CPU = Release|Any CPU
	EndGlobalSection
	GlobalSection(ProjectConfigurationPlatforms) = postSolution
		{25DE466F-F68C-455A-9723-6B98CA35CD1E}.Debug|Any CPU.ActiveCfg = Debug|Any CPU
		{25DE466F-F68C-455A-9723-6B98CA35CD1E}.Debug|Any CPU.Build.0 = Debug|Any CPU
		{25DE466F-F68C-455A-9723-6B98CA35CD1E}.Release|Any CPU.ActiveCfg = Release|Any CPU
		{25DE466F-F68C-455A-9723-6B98CA35CD1E}.Release|Any CPU.Build.0 = Release|Any CPU
	EndGlobalSection
	GlobalSection(SolutionProperties) = preSolution
		HideSolutionNode = FALSE
	EndGlobalSection
	GlobalSection(ExtensibilityGlobals) = postSolution
		SolutionGuid = {67E1BA78-6B60-4569-9090-2294E1BCCBEB}
	EndGlobalSection
EndGlobal
